
Microsoft Visual Studio Solution File, Format Version 12.00
# Visual Studio 15
VisualStudioVersion = 15.0.28307.329
MinimumVisualStudioVersion = 10.0.40219.1
Project("{FAE04EC0-301F-11D3-BF4B-00C04F79EFBC}") = "RentAMovie", "RentAMovie\RentAMovie.csproj", "{98F4D040-04AD-428D-87DA-B499F39766E1}"
EndProject
Global
	GlobalSection(SolutionConfigurationPlatforms) = preSolution
		Debug|Any CPU = Debug|Any CPU
		Release|Any CPU = Release|Any CPU
	EndGlobalSection
	GlobalSection(ProjectConfigurationPlatforms) = postSolution
		{98F4D040-04AD-428D-87DA-B499F39766E1}.Debug|Any CPU.ActiveCfg = Debug|Any CPU
		{98F4D040-04AD-428D-87DA-B499F39766E1}.Debug|Any CPU.Build.0 = Debug|Any CPU
		{98F4D040-04AD-428D-87DA-B499F39766E1}.Release|Any CPU.ActiveCfg = Release|Any CPU
		{98F4D040-04AD-428D-87DA-B499F39766E1}.Release|Any CPU.Build.0 = Release|Any CPU
	EndGlobalSection
	GlobalSection(SolutionProperties) = preSolution
		HideSolutionNode = FALSE
	EndGlobalSection
	GlobalSection(ExtensibilityGlobals) = postSolution
		SolutionGuid = {103AB67E-5445-4C58-8DAE-8EEF1DCC3DC4}
	EndGlobalSection
EndGlobal
